
Microsoft Visual Studio Solution File, Format Version 12.00
# Visual Studio 15
Project("{FAE04EC0-301F-11D3-BF4B-00C04F79EFBC}") = "Assembly-CSharp", "Assembly-CSharp.csproj", "{DCDFC399-9B62-252A-21C2-5FC12B74920E}"
EndProject
Project("{FAE04EC0-301F-11D3-BF4B-00C04F79EFBC}") = "Assembly-CSharp-firstpass", "Assembly-CSharp-firstpass.csproj", "{D483E7E2-A6DA-E131-23E1-E1093F3F7D00}"
EndProject
Project("{FAE04EC0-301F-11D3-BF4B-00C04F79EFBC}") = "Assembly-CSharp-Editor-firstpass", "Assembly-CSharp-Editor-firstpass.csproj", "{3C8441B1-2F7E-3723-BBA8-3CC47C5A992C}"
EndProject
Global
	GlobalSection(SolutionConfigurationPlatforms) = preSolution
		Debug|Any CPU = Debug|Any CPU
		Release|Any CPU = Release|Any CPU
	EndGlobalSection
	GlobalSection(ProjectConfigurationPlatforms) = postSolution
		{DCDFC399-9B62-252A-21C2-5FC12B74920E}.Debug|Any CPU.ActiveCfg = Debug|Any CPU
		{DCDFC399-9B62-252A-21C2-5FC12B74920E}.Debug|Any CPU.Build.0 = Debug|Any CPU
		{DCDFC399-9B62-252A-21C2-5FC12B74920E}.Release|Any CPU.ActiveCfg = Release|Any CPU
		{DCDFC399-9B62-252A-21C2-5FC12B74920E}.Release|Any CPU.Build.0 = Release|Any CPU
		{D483E7E2-A6DA-E131-23E1-E1093F3F7D00}.Debug|Any CPU.ActiveCfg = Debug|Any CPU
		{D483E7E2-A6DA-E131-23E1-E1093F3F7D00}.Debug|Any CPU.Build.0 = Debug|Any CPU
		{D483E7E2-A6DA-E131-23E1-E1093F3F7D00}.Release|Any CPU.ActiveCfg = Release|Any CPU
		{D483E7E2-A6DA-E131-23E1-E1093F3F7D00}.Release|Any CPU.Build.0 = Release|Any CPU
		{3C8441B1-2F7E-3723-BBA8-3CC47C5A992C}.Debug|Any CPU.ActiveCfg = Debug|Any CPU
		{3C8441B1-2F7E-3723-BBA8-3CC47C5A992C}.Debug|Any CPU.Build.0 = Debug|Any CPU
		{3C8441B1-2F7E-3723-BBA8-3CC47C5A992C}.Release|Any CPU.ActiveCfg = Release|Any CPU
		{3C8441B1-2F7E-3723-BBA8-3CC47C5A992C}.Release|Any CPU.Build.0 = Release|Any CPU
	EndGlobalSection
	GlobalSection(SolutionProperties) = preSolution
		HideSolutionNode = FALSE
	EndGlobalSection
EndGlobal
